
Microsoft Visual Studio Solution File, Format Version 12.00
# Visual Studio Version 17
VisualStudioVersion = 17.10.34928.147
MinimumVisualStudioVersion = 10.0.40219.1
Project("{FAE04EC0-301F-11D3-BF4B-00C04F79EFBC}") = "MusicApp", "MusicApp\MusicApp.csproj", "{4CF326C4-D542-4A07-9F3C-C67400351702}"
EndProject
Global
	GlobalSection(SolutionConfigurationPlatforms) = preSolution
		Debug|Any CPU = Debug|Any CPU
		Release|Any CPU = Release|Any CPU
	EndGlobalSection
	GlobalSection(ProjectConfigurationPlatforms) = postSolution
		{4CF326C4-D542-4A07-9F3C-C67400351702}.Debug|Any CPU.ActiveCfg = Debug|Any CPU
		{4CF326C4-D542-4A07-9F3C-C67400351702}.Debug|Any CPU.Build.0 = Debug|Any CPU
		{4CF326C4-D542-4A07-9F3C-C67400351702}.Release|Any CPU.ActiveCfg = Release|Any CPU
		{4CF326C4-D542-4A07-9F3C-C67400351702}.Release|Any CPU.Build.0 = Release|Any CPU
	EndGlobalSection
	GlobalSection(SolutionProperties) = preSolution
		HideSolutionNode = FALSE
	EndGlobalSection
	GlobalSection(ExtensibilityGlobals) = postSolution
		SolutionGuid = {A17A527B-5910-49E0-9009-37840CEC849E}
	EndGlobalSection
EndGlobal
